# THIS IS AN AUTOGENERATED FILE. DO NOT EDIT THIS FILE DIRECTLY.
# yarn lockfile v1


react-pwa-install-prompt@^1.0.5:
  version "1.0.5"
  resolved "https://registry.yarnpkg.com/react-pwa-install-prompt/-/react-pwa-install-prompt-1.0.5.tgz#c3f8dfcce398847eb0ed24a0f349115137abb278"
  integrity sha512-sOMFTd9gkSkqy60S4Iabg2I/KvihvSPOAx3oDkounOG7m3P22tBn5hI0j6ryKCV8OKqXGzuoAUwywKUO3oCgrQ==
